
Microsoft Visual Studio Solution File, Format Version 12.00
# Visual Studio Version 17
VisualStudioVersion = 17.5.33530.505
MinimumVisualStudioVersion = 10.0.40219.1
Project("{FAE04EC0-301F-11D3-BF4B-00C04F79EFBC}") = "LeaveManagement", "LeaveManagement\LeaveManagement.csproj", "{55851A78-F291-4A3A-B590-6DDFC2B22741}"
EndProject
Global
	GlobalSection(SolutionConfigurationPlatforms) = preSolution
		Debug|Any CPU = Debug|Any CPU
		Release|Any CPU = Release|Any CPU
	EndGlobalSection
	GlobalSection(ProjectConfigurationPlatforms) = postSolution
		{55851A78-F291-4A3A-B590-6DDFC2B22741}.Debug|Any CPU.ActiveCfg = Debug|Any CPU
		{55851A78-F291-4A3A-B590-6DDFC2B22741}.Debug|Any CPU.Build.0 = Debug|Any CPU
		{55851A78-F291-4A3A-B590-6DDFC2B22741}.Release|Any CPU.ActiveCfg = Release|Any CPU
		{55851A78-F291-4A3A-B590-6DDFC2B22741}.Release|Any CPU.Build.0 = Release|Any CPU
	EndGlobalSection
	GlobalSection(SolutionProperties) = preSolution
		HideSolutionNode = FALSE
	EndGlobalSection
	GlobalSection(ExtensibilityGlobals) = postSolution
		SolutionGuid = {E34C58DB-A639-4E77-B85E-F115AC6263F0}
	EndGlobalSection
EndGlobal
